
Microsoft Visual Studio Solution File, Format Version 12.00
# Visual Studio Version 17
VisualStudioVersion = 17.13.35931.197
MinimumVisualStudioVersion = 10.0.40219.1
Project("{FAE04EC0-301F-11D3-BF4B-00C04F79EFBC}") = "SeaBattle", "SeaBattle\SeaBattle.csproj", "{8F16D992-133D-4641-ABBD-B504366D1970}"
EndProject
Project("{FAE04EC0-301F-11D3-BF4B-00C04F79EFBC}") = "GameServiceTests", "GameServiceTests\GameServiceTests.csproj", "{8F1782C2-835B-4020-86D2-4B244A54C3F8}"
EndProject
Global
	GlobalSection(SolutionConfigurationPlatforms) = preSolution
		Debug|Any CPU = Debug|Any CPU
		Release|Any CPU = Release|Any CPU
	EndGlobalSection
	GlobalSection(ProjectConfigurationPlatforms) = postSolution
		{8F16D992-133D-4641-ABBD-B504366D1970}.Debug|Any CPU.ActiveCfg = Debug|Any CPU
		{8F16D992-133D-4641-ABBD-B504366D1970}.Debug|Any CPU.Build.0 = Debug|Any CPU
		{8F16D992-133D-4641-ABBD-B504366D1970}.Release|Any CPU.ActiveCfg = Release|Any CPU
		{8F16D992-133D-4641-ABBD-B504366D1970}.Release|Any CPU.Build.0 = Release|Any CPU
		{8F1782C2-835B-4020-86D2-4B244A54C3F8}.Debug|Any CPU.ActiveCfg = Debug|Any CPU
		{8F1782C2-835B-4020-86D2-4B244A54C3F8}.Debug|Any CPU.Build.0 = Debug|Any CPU
		{8F1782C2-835B-4020-86D2-4B244A54C3F8}.Release|Any CPU.ActiveCfg = Release|Any CPU
		{8F1782C2-835B-4020-86D2-4B244A54C3F8}.Release|Any CPU.Build.0 = Release|Any CPU
	EndGlobalSection
	GlobalSection(SolutionProperties) = preSolution
		HideSolutionNode = FALSE
	EndGlobalSection
	GlobalSection(ExtensibilityGlobals) = postSolution
		SolutionGuid = {F1A295AD-624E-4397-83AE-38C51BBC9EDF}
	EndGlobalSection
EndGlobal
